
Microsoft Visual Studio Solution File, Format Version 12.00
# Visual Studio 15
VisualStudioVersion = 15.0.26730.16
MinimumVisualStudioVersion = 10.0.40219.1
Project("{8BC9CEB8-8B4A-11D0-8D11-00A0C91BC942}") = "lab2", "lab2\lab2.vcxproj", "{FF5DBC0B-760A-4488-A4D0-E5236975A0B5}"
EndProject
Global
	GlobalSection(SolutionConfigurationPlatforms) = preSolution
		Debug|x64 = Debug|x64
		Debug|x86 = Debug|x86
		Release|x64 = Release|x64
		Release|x86 = Release|x86
	EndGlobalSection
	GlobalSection(ProjectConfigurationPlatforms) = postSolution
		{FF5DBC0B-760A-4488-A4D0-E5236975A0B5}.Debug|x64.ActiveCfg = Debug|x64
		{FF5DBC0B-760A-4488-A4D0-E5236975A0B5}.Debug|x64.Build.0 = Debug|x64
		{FF5DBC0B-760A-4488-A4D0-E5236975A0B5}.Debug|x86.ActiveCfg = Debug|Win32
		{FF5DBC0B-760A-4488-A4D0-E5236975A0B5}.Debug|x86.Build.0 = Debug|Win32
		{FF5DBC0B-760A-4488-A4D0-E5236975A0B5}.Release|x64.ActiveCfg = Release|x64
		{FF5DBC0B-760A-4488-A4D0-E5236975A0B5}.Release|x64.Build.0 = Release|x64
		{FF5DBC0B-760A-4488-A4D0-E5236975A0B5}.Release|x86.ActiveCfg = Release|Win32
		{FF5DBC0B-760A-4488-A4D0-E5236975A0B5}.Release|x86.Build.0 = Release|Win32
	EndGlobalSection
	GlobalSection(SolutionProperties) = preSolution
		HideSolutionNode = FALSE
	EndGlobalSection
	GlobalSection(ExtensibilityGlobals) = postSolution
		SolutionGuid = {A84CE9BC-DC2F-4EA0-834C-36C3B9030E6D}
	EndGlobalSection
EndGlobal
